{
  "name": "datafestafrica.github.io",
  "version": "1.0.0",
  "lockfileVersion": 2,
  "requires": true,
  "packages": {
    "": {
      "name": "datafestafrica.github.io",
      "version": "1.0.0",
      "license": "ISC",
      "dependencies": {
        "@microsoft/applicationinsights-web": "^2.8.1"
      }
    },
    "node_modules/@microsoft/applicationinsights-analytics-js": {
      "version": "2.8.1",
      "resolved": "https://registry.npmjs.org/@microsoft/applicationinsights-analytics-js/-/applicationinsights-analytics-js-2.8.1.tgz",
      "integrity": "sha512-VJlGPSrpxoPoalxUk39zG9shVic5piQW8y9ara90E5QfiLVPXG0va7fSCyqraFYdBFtA/HD68UJjkn/IUEHclw==",
      "dependencies": {
        "@microsoft/applicationinsights-common": "2.8.1",
        "@microsoft/applicationinsights-core-js": "2.8.1",
        "@microsoft/applicationinsights-shims": "2.0.1",
        "@microsoft/dynamicproto-js": "^1.1.4"
      },
      "peerDependencies": {
        "tslib": "*"
      }
    },
    "node_modules/@microsoft/applicationinsights-channel-js": {
      "version": "2.8.1",
      "resolved": "https://registry.npmjs.org/@microsoft/applicationinsights-channel-js/-/applicationinsights-channel-js-2.8.1.tgz",
      "integrity": "sha512-vhMXzQRzSRkDre3ZzAjD/aA4fqslrR8c6/7t/UM8BcR0opp4fcd2lDa4eeU+nknn8dEe+NvRKSuF/+BwIPN72w==",
      "dependencies": {
        "@microsoft/applicationinsights-common": "2.8.1",
        "@microsoft/applicationinsights-core-js": "2.8.1",
        "@microsoft/applicationinsights-shims": "2.0.1",
        "@microsoft/dynamicproto-js": "^1.1.4"
      },
      "peerDependencies": {
        "tslib": "*"
      }
    },
    "node_modules/@microsoft/applicationinsights-common": {
      "version": "2.8.1",
      "resolved": "https://registry.npmjs.org/@microsoft/applicationinsights-common/-/applicationinsights-common-2.8.1.tgz",
      "integrity": "sha512-UbxXYBEZgj1qn7MRSnGU9Am/D+IV37Fyp9KyMKk1wZat+fZm6lu4KkhvJQZ1L/99Tw92DhYxv4CqivOZth0tCA==",
      "dependencies": {
        "@microsoft/applicationinsights-core-js": "2.8.1",
        "@microsoft/applicationinsights-shims": "2.0.1",
        "@microsoft/dynamicproto-js": "^1.1.4"
      },
      "peerDependencies": {
        "tslib": "*"
      }
    },
    "node_modules/@microsoft/applicationinsights-core-js": {
      "version": "2.8.1",
      "resolved": "https://registry.npmjs.org/@microsoft/applicationinsights-core-js/-/applicationinsights-core-js-2.8.1.tgz",
      "integrity": "sha512-mG8ki504LV4SuwAo/mBiFPeGLKf5F6ObSC78c2QPvAFhohOogEOq00bKmGg178FLt9tSYtuJPWAPEZ3xYqsjvQ==",
      "dependencies": {
        "@microsoft/applicationinsights-shims": "2.0.1",
        "@microsoft/dynamicproto-js": "^1.1.4"
      },
      "peerDependencies": {
        "tslib": "*"
      }
    },
    "node_modules/@microsoft/applicationinsights-dependencies-js": {
      "version": "2.8.1",
      "resolved": "https://registry.npmjs.org/@microsoft/applicationinsights-dependencies-js/-/applicationinsights-dependencies-js-2.8.1.tgz",
      "integrity": "sha512-vP4pI3csgX7ApbC20ML1WRbOeCng36tncgxSeP4djGJ9aq4xiF1YSasYbmtfrzjUaBAeSUognnRr8zGaOT3IOQ==",
      "dependencies": {
        "@microsoft/applicationinsights-common": "2.8.1",
        "@microsoft/applicationinsights-core-js": "2.8.1",
        "@microsoft/applicationinsights-shims": "2.0.1",
        "@microsoft/dynamicproto-js": "^1.1.4"
      },
      "peerDependencies": {
        "tslib": "*"
      }
    },
    "node_modules/@microsoft/applicationinsights-properties-js": {
      "version": "2.8.1",
      "resolved": "https://registry.npmjs.org/@microsoft/applicationinsights-properties-js/-/applicationinsights-properties-js-2.8.1.tgz",
      "integrity": "sha512-FXlYe5syr0gqSKKIAD0Cb0Z6utjlmT6bAhgCA02mmJb7dY3nNDHgKsD3nSppSdvso8u0fy3TlLcV7eRGnrUe9w==",
      "dependencies": {
        "@microsoft/applicationinsights-common": "2.8.1",
        "@microsoft/applicationinsights-core-js": "2.8.1",
        "@microsoft/applicationinsights-shims": "2.0.1",
        "@microsoft/dynamicproto-js": "^1.1.4"
      },
      "peerDependencies": {
        "tslib": "*"
      }
    },
    "node_modules/@microsoft/applicationinsights-shims": {
      "version": "2.0.1",
      "resolved": "https://registry.npmjs.org/@microsoft/applicationinsights-shims/-/applicationinsights-shims-2.0.1.tgz",
      "integrity": "sha512-G0MXf6R6HndRbDy9BbEj0zrLeuhwt2nsXk2zKtF0TnYo39KgYqhYC2ayIzKPTm2KAE+xzD7rgyLdZnrcRvt9WQ=="
    },
    "node_modules/@microsoft/applicationinsights-web": {
      "version": "2.8.1",
      "resolved": "https://registry.npmjs.org/@microsoft/applicationinsights-web/-/applicationinsights-web-2.8.1.tgz",
      "integrity": "sha512-USRKV/xHKVBmeyB7RoyA6d3kpKxoCEQYZ1nLTJB4eQ9TLqSlS/Nflnl8kmtVgzKhpKwicZ5exncn2YzQfA0wXw==",
      "dependencies": {
        "@microsoft/applicationinsights-analytics-js": "2.8.1",
        "@microsoft/applicationinsights-channel-js": "2.8.1",
        "@microsoft/applicationinsights-common": "2.8.1",
        "@microsoft/applicationinsights-core-js": "2.8.1",
        "@microsoft/applicationinsights-dependencies-js": "2.8.1",
        "@microsoft/applicationinsights-properties-js": "2.8.1",
        "@microsoft/applicationinsights-shims": "2.0.1",
        "@microsoft/dynamicproto-js": "^1.1.4"
      },
      "peerDependencies": {
        "tslib": "*"
      }
    },
    "node_modules/@microsoft/dynamicproto-js": {
      "version": "1.1.5",
      "resolved": "https://registry.npmjs.org/@microsoft/dynamicproto-js/-/dynamicproto-js-1.1.5.tgz",
      "integrity": "sha512-5pu5Ya03ivhT9M8PS62tUMwhBFhaUq86oyQHQICtSm8vsWpsg4vHS8auFG7BpntoLiDKYCtGhO8rRATpVr3zrA=="
    },
    "node_modules/tslib": {
      "version": "2.4.0",
      "resolved": "https://registry.npmjs.org/tslib/-/tslib-2.4.0.tgz",
      "integrity": "sha512-d6xOpEDfsi2CZVlPQzGeux8XMwLT9hssAsaPYExaQMuYskwb+x1x7J371tWlbBdWHroy99KnVB6qIkUbs5X3UQ==",
      "peer": true
    }
  },
  "dependencies": {
    "@microsoft/applicationinsights-analytics-js": {
      "version": "2.8.1",
      "resolved": "https://registry.npmjs.org/@microsoft/applicationinsights-analytics-js/-/applicationinsights-analytics-js-2.8.1.tgz",
      "integrity": "sha512-VJlGPSrpxoPoalxUk39zG9shVic5piQW8y9ara90E5QfiLVPXG0va7fSCyqraFYdBFtA/HD68UJjkn/IUEHclw==",
      "requires": {
        "@microsoft/applicationinsights-common": "2.8.1",
        "@microsoft/applicationinsights-core-js": "2.8.1",
        "@microsoft/applicationinsights-shims": "2.0.1",
        "@microsoft/dynamicproto-js": "^1.1.4"
      }
    },
    "@microsoft/applicationinsights-channel-js": {
      "version": "2.8.1",
      "resolved": "https://registry.npmjs.org/@microsoft/applicationinsights-channel-js/-/applicationinsights-channel-js-2.8.1.tgz",
      "integrity": "sha512-vhMXzQRzSRkDre3ZzAjD/aA4fqslrR8c6/7t/UM8BcR0opp4fcd2lDa4eeU+nknn8dEe+NvRKSuF/+BwIPN72w==",
      "requires": {
        "@microsoft/applicationinsights-common": "2.8.1",
        "@microsoft/applicationinsights-core-js": "2.8.1",
        "@microsoft/applicationinsights-shims": "2.0.1",
        "@microsoft/dynamicproto-js": "^1.1.4"
      }
    },
    "@microsoft/applicationinsights-common": {
      "version": "2.8.1",
      "resolved": "https://registry.npmjs.org/@microsoft/applicationinsights-common/-/applicationinsights-common-2.8.1.tgz",
      "integrity": "sha512-UbxXYBEZgj1qn7MRSnGU9Am/D+IV37Fyp9KyMKk1wZat+fZm6lu4KkhvJQZ1L/99Tw92DhYxv4CqivOZth0tCA==",
      "requires": {
        "@microsoft/applicationinsights-core-js": "2.8.1",
        "@microsoft/applicationinsights-shims": "2.0.1",
        "@microsoft/dynamicproto-js": "^1.1.4"
      }
    },
    "@microsoft/applicationinsights-core-js": {
      "version": "2.8.1",
      "resolved": "https://registry.npmjs.org/@microsoft/applicationinsights-core-js/-/applicationinsights-core-js-2.8.1.tgz",
      "integrity": "sha512-mG8ki504LV4SuwAo/mBiFPeGLKf5F6ObSC78c2QPvAFhohOogEOq00bKmGg178FLt9tSYtuJPWAPEZ3xYqsjvQ==",
      "requires": {
        "@microsoft/applicationinsights-shims": "2.0.1",
        "@microsoft/dynamicproto-js": "^1.1.4"
      }
    },
    "@microsoft/applicationinsights-dependencies-js": {
      "version": "2.8.1",
      "resolved": "https://registry.npmjs.org/@microsoft/applicationinsights-dependencies-js/-/applicationinsights-dependencies-js-2.8.1.tgz",
      "integrity": "sha512-vP4pI3csgX7ApbC20ML1WRbOeCng36tncgxSeP4djGJ9aq4xiF1YSasYbmtfrzjUaBAeSUognnRr8zGaOT3IOQ==",
      "requires": {
        "@microsoft/applicationinsights-common": "2.8.1",
        "@microsoft/applicationinsights-core-js": "2.8.1",
        "@microsoft/applicationinsights-shims": "2.0.1",
        "@microsoft/dynamicproto-js": "^1.1.4"
      }
    },
    "@microsoft/applicationinsights-properties-js": {
      "version": "2.8.1",
      "resolved": "https://registry.npmjs.org/@microsoft/applicationinsights-properties-js/-/applicationinsights-properties-js-2.8.1.tgz",
      "integrity": "sha512-FXlYe5syr0gqSKKIAD0Cb0Z6utjlmT6bAhgCA02mmJb7dY3nNDHgKsD3nSppSdvso8u0fy3TlLcV7eRGnrUe9w==",
      "requires": {
        "@microsoft/applicationinsights-common": "2.8.1",
        "@microsoft/applicationinsights-core-js": "2.8.1",
        "@microsoft/applicationinsights-shims": "2.0.1",
        "@microsoft/dynamicproto-js": "^1.1.4"
      }
    },
    "@microsoft/applicationinsights-shims": {
      "version": "2.0.1",
      "resolved": "https://registry.npmjs.org/@microsoft/applicationinsights-shims/-/applicationinsights-shims-2.0.1.tgz",
      "integrity": "sha512-G0MXf6R6HndRbDy9BbEj0zrLeuhwt2nsXk2zKtF0TnYo39KgYqhYC2ayIzKPTm2KAE+xzD7rgyLdZnrcRvt9WQ=="
    },
    "@microsoft/applicationinsights-web": {
      "version": "2.8.1",
      "resolved": "https://registry.npmjs.org/@microsoft/applicationinsights-web/-/applicationinsights-web-2.8.1.tgz",
      "integrity": "sha512-USRKV/xHKVBmeyB7RoyA6d3kpKxoCEQYZ1nLTJB4eQ9TLqSlS/Nflnl8kmtVgzKhpKwicZ5exncn2YzQfA0wXw==",
      "requires": {
        "@microsoft/applicationinsights-analytics-js": "2.8.1",
        "@microsoft/applicationinsights-channel-js": "2.8.1",
        "@microsoft/applicationinsights-common": "2.8.1",
        "@microsoft/applicationinsights-core-js": "2.8.1",
        "@microsoft/applicationinsights-dependencies-js": "2.8.1",
        "@microsoft/applicationinsights-properties-js": "2.8.1",
        "@microsoft/applicationinsights-shims": "2.0.1",
        "@microsoft/dynamicproto-js": "^1.1.4"
      }
    },
    "@microsoft/dynamicproto-js": {
      "version": "1.1.5",
      "resolved": "https://registry.npmjs.org/@microsoft/dynamicproto-js/-/dynamicproto-js-1.1.5.tgz",
      "integrity": "sha512-5pu5Ya03ivhT9M8PS62tUMwhBFhaUq86oyQHQICtSm8vsWpsg4vHS8auFG7BpntoLiDKYCtGhO8rRATpVr3zrA=="
    },
    "tslib": {
      "version": "2.4.0",
      "resolved": "https://registry.npmjs.org/tslib/-/tslib-2.4.0.tgz",
      "integrity": "sha512-d6xOpEDfsi2CZVlPQzGeux8XMwLT9hssAsaPYExaQMuYskwb+x1x7J371tWlbBdWHroy99KnVB6qIkUbs5X3UQ==",
      "peer": true
    }
  }
}
